
Microsoft Visual Studio Solution File, Format Version 12.00
# Visual Studio Version 16
VisualStudioVersion = 16.0.31605.320
MinimumVisualStudioVersion = 10.0.40219.1
Project("{9A19103F-16F7-4668-BE54-9A1E7A4F7556}") = "TicketControl.Data", "TicketControl.Data\TicketControl.Data.csproj", "{45BBFB42-E598-4F28-B262-3D3955CD7A81}"
EndProject
Project("{9A19103F-16F7-4668-BE54-9A1E7A4F7556}") = "TicketControl.Web", "TicketControl.Web\TicketControl.Web.csproj", "{0F7BC642-4615-49A2-AC9F-9E7304A8DB90}"
EndProject
Global
	GlobalSection(SolutionConfigurationPlatforms) = preSolution
		Debug|Any CPU = Debug|Any CPU
		Release|Any CPU = Release|Any CPU
	EndGlobalSection
	GlobalSection(ProjectConfigurationPlatforms) = postSolution
		{45BBFB42-E598-4F28-B262-3D3955CD7A81}.Debug|Any CPU.ActiveCfg = Debug|Any CPU
		{45BBFB42-E598-4F28-B262-3D3955CD7A81}.Debug|Any CPU.Build.0 = Debug|Any CPU
		{45BBFB42-E598-4F28-B262-3D3955CD7A81}.Release|Any CPU.ActiveCfg = Release|Any CPU
		{45BBFB42-E598-4F28-B262-3D3955CD7A81}.Release|Any CPU.Build.0 = Release|Any CPU
		{0F7BC642-4615-49A2-AC9F-9E7304A8DB90}.Debug|Any CPU.ActiveCfg = Debug|Any CPU
		{0F7BC642-4615-49A2-AC9F-9E7304A8DB90}.Debug|Any CPU.Build.0 = Debug|Any CPU
		{0F7BC642-4615-49A2-AC9F-9E7304A8DB90}.Release|Any CPU.ActiveCfg = Release|Any CPU
		{0F7BC642-4615-49A2-AC9F-9E7304A8DB90}.Release|Any CPU.Build.0 = Release|Any CPU
	EndGlobalSection
	GlobalSection(SolutionProperties) = preSolution
		HideSolutionNode = FALSE
	EndGlobalSection
	GlobalSection(ExtensibilityGlobals) = postSolution
		SolutionGuid = {489A05C2-D073-4D84-A38F-19C88BFCAA3C}
	EndGlobalSection
EndGlobal
